// !$*UTF8*$!
{
	archiveVersion = 1;
	classes = {
	};
	objectVersion = 56;
	objects = {

/* Begin PBXBuildFile section */
		C054878E2C5518040056F114 /* AppDelegate.swift in Sources */ = {isa = PBXBuildFile; fileRef = C054878D2C5518040056F114 /* AppDelegate.swift */; };
		C05487902C5518040056F114 /* SceneDelegate.swift in Sources */ = {isa = PBXBuildFile; fileRef = C054878F2C5518040056F114 /* SceneDelegate.swift */; };
		C05487922C5518040056F114 /* ViewController.swift in Sources */ = {isa = PBXBuildFile; fileRef = C05487912C5518040056F114 /* ViewController.swift */; };
		C05487952C5518040056F114 /* Base in Resources */ = {isa = PBXBuildFile; fileRef = C05487942C5518040056F114 /* Base */; };
		C05487972C5518040056F114 /* Assets.xcassets in Resources */ = {isa = PBXBuildFile; fileRef = C05487962C5518040056F114 /* Assets.xcassets */; };
		C054879A2C5518040056F114 /* Base in Resources */ = {isa = PBXBuildFile; fileRef = C05487992C5518040056F114 /* Base */; };
		C05487A52C5518050056F114 /* PhotoEditorTests.swift in Sources */ = {isa = PBXBuildFile; fileRef = C05487A42C5518050056F114 /* PhotoEditorTests.swift */; };
		C05487AF2C5518050056F114 /* PhotoEditorUITests.swift in Sources */ = {isa = PBXBuildFile; fileRef = C05487AE2C5518050056F114 /* PhotoEditorUITests.swift */; };
		C05487B12C5518050056F114 /* PhotoEditorUITestsLaunchTests.swift in Sources */ = {isa = PBXBuildFile; fileRef = C05487B02C5518050056F114 /* PhotoEditorUITestsLaunchTests.swift */; };
/* End PBXBuildFile section */

/* Begin PBXContainerItemProxy section */
		C05487A12C5518050056F114 /* PBXContainerItemProxy */ = {
			isa = PBXContainerItemProxy;
			containerPortal = C05487822C5518040056F114 /* Project object */;
			proxyType = 1;
			remoteGlobalIDString = C05487892C5518040056F114;
			remoteInfo = PhotoEditor;
		};
		C05487AB2C5518050056F114 /* PBXContainerItemProxy */ = {
			isa = PBXContainerItemProxy;
			containerPortal = C05487822C5518040056F114 /* Project object */;
			proxyType = 1;
			remoteGlobalIDString = C05487892C5518040056F114;
			remoteInfo = PhotoEditor;
		};
/* End PBXContainerItemProxy section */

/* Begin PBXFileReference section */
		C054878A2C5518040056F114 /* PhotoEditor.app */ = {isa = PBXFileReference; explicitFileType = wrapper.application; includeInIndex = 0; path = PhotoEditor.app; sourceTree = BUILT_PRODUCTS_DIR; };
		C054878D2C5518040056F114 /* AppDelegate.swift */ = {isa = PBXFileReference; lastKnownFileType = sourcecode.swift; path = AppDelegate.swift; sourceTree = "<group>"; };
		C054878F2C5518040056F114 /* SceneDelegate.swift */ = {isa = PBXFileReference; lastKnownFileType = sourcecode.swift; path = SceneDelegate.swift; sourceTree = "<group>"; };
		C05487912C5518040056F114 /* ViewController.swift */ = {isa = PBXFileReference; lastKnownFileType = sourcecode.swift; path = ViewController.swift; sourceTree = "<group>"; };
		C05487942C5518040056F114 /* Base */ = {isa = PBXFileReference; lastKnownFileType = file.storyboard; name = Base; path = Base.lproj/Main.storyboard; sourceTree = "<group>"; };
		C05487962C5518040056F114 /* Assets.xcassets */ = {isa = PBXFileReference; lastKnownFileType = folder.assetcatalog; path = Assets.xcassets; sourceTree = "<group>"; };
		C05487992C5518040056F114 /* Base */ = {isa = PBXFileReference; lastKnownFileType = file.storyboard; name = Base; path = Base.lproj/LaunchScreen.storyboard; sourceTree = "<group>"; };
		C054879B2C5518040056F114 /* Info.plist */ = {isa = PBXFileReference; lastKnownFileType = text.plist.xml; path = Info.plist; sourceTree = "<group>"; };
		C05487A02C5518050056F114 /* PhotoEditorTests.xctest */ = {isa = PBXFileReference; explicitFileType = wrapper.cfbundle; includeInIndex = 0; path = PhotoEditorTests.xctest; sourceTree = BUILT_PRODUCTS_DIR; };
		C05487A42C5518050056F114 /* PhotoEditorTests.swift */ = {isa = PBXFileReference; lastKnownFileType = sourcecode.swift; path = PhotoEditorTests.swift; sourceTree = "<group>"; };
		C05487AA2C5518050056F114 /* PhotoEditorUITests.xctest */ = {isa = PBXFileReference; explicitFileType = wrapper.cfbundle; includeInIndex = 0; path = PhotoEditorUITests.xctest; sourceTree = BUILT_PRODUCTS_DIR; };
		C05487AE2C5518050056F114 /* PhotoEditorUITests.swift */ = {isa = PBXFileReference; lastKnownFileType = sourcecode.swift; path = PhotoEditorUITests.swift; sourceTree = "<group>"; };
		C05487B02C5518050056F114 /* PhotoEditorUITestsLaunchTests.swift */ = {isa = PBXFileReference; lastKnownFileType = sourcecode.swift; path = PhotoEditorUITestsLaunchTests.swift; sourceTree = "<group>"; };
/* End PBXFileReference section */

/* Begin PBXFrameworksBuildPhase section */
		C05487872C5518040056F114 /* Frameworks */ = {
			isa = PBXFrameworksBuildPhase;
			buildActionMask = 2147483647;
			files = (
			);
			runOnlyForDeploymentPostprocessing = 0;
		};
		C054879D2C5518050056F114 /* Frameworks */ = {
			isa = PBXFrameworksBuildPhase;
			buildActionMask = 2147483647;
			files = (
			);
			runOnlyForDeploymentPostprocessing = 0;
		};
		C05487A72C5518050056F114 /* Frameworks */ = {
			isa = PBXFrameworksBuildPhase;
			buildActionMask = 2147483647;
			files = (
			);
			runOnlyForDeploymentPostprocessing = 0;
		};
/* End PBXFrameworksBuildPhase section */

/* Begin PBXGroup section */
		C05487812C5518040056F114 = {
			isa = PBXGroup;
			children = (
				C054878C2C5518040056F114 /* PhotoEditor */,
				C05487A32C5518050056F114 /* PhotoEditorTests */,
				C05487AD2C5518050056F114 /* PhotoEditorUITests */,
				C054878B2C5518040056F114 /* Products */,
			);
			sourceTree = "<group>";
		};
		C054878B2C5518040056F114 /* Products */ = {
			isa = PBXGroup;
			children = (
				C054878A2C5518040056F114 /* PhotoEditor.app */,
				C05487A02C5518050056F114 /* PhotoEditorTests.xctest */,
				C05487AA2C5518050056F114 /* PhotoEditorUITests.xctest */,
			);
			name = Products;
			sourceTree = "<group>";
		};
		C054878C2C5518040056F114 /* PhotoEditor */ = {
			isa = PBXGroup;
			children = (
				C054878D2C5518040056F114 /* AppDelegate.swift */,
				C054878F2C5518040056F114 /* SceneDelegate.swift */,
				C05487912C5518040056F114 /* ViewController.swift */,
				C05487932C5518040056F114 /* Main.storyboard */,
				C05487962C5518040056F114 /* Assets.xcassets */,
				C05487982C5518040056F114 /* LaunchScreen.storyboard */,
				C054879B2C5518040056F114 /* Info.plist */,
			);
			path = PhotoEditor;
			sourceTree = "<group>";
		};
		C05487A32C5518050056F114 /* PhotoEditorTests */ = {
			isa = PBXGroup;
			children = (
				C05487A42C5518050056F114 /* PhotoEditorTests.swift */,
			);
			path = PhotoEditorTests;
			sourceTree = "<group>";
		};
		C05487AD2C5518050056F114 /* PhotoEditorUITests */ = {
			isa = PBXGroup;
			children = (
				C05487AE2C5518050056F114 /* PhotoEditorUITests.swift */,
				C05487B02C5518050056F114 /* PhotoEditorUITestsLaunchTests.swift */,
			);
			path = PhotoEditorUITests;
			sourceTree = "<group>";
		};
/* End PBXGroup section */

/* Begin PBXNativeTarget section */
		C05487892C5518040056F114 /* PhotoEditor */ = {
			isa = PBXNativeTarget;
			buildConfigurationList = C05487B42C5518050056F114 /* Build configuration list for PBXNativeTarget "PhotoEditor" */;
			buildPhases = (
				C05487862C5518040056F114 /* Sources */,
				C05487872C5518040056F114 /* Frameworks */,
				C05487882C5518040056F114 /* Resources */,
			);
			buildRules = (
			);
			dependencies = (
			);
			name = PhotoEditor;
			productName = PhotoEditor;
			productReference = C054878A2C5518040056F114 /* PhotoEditor.app */;
			productType = "com.apple.product-type.application";
		};
		C054879F2C5518050056F114 /* PhotoEditorTests */ = {
			isa = PBXNativeTarget;
			buildConfigurationList = C05487B72C5518050056F114 /* Build configuration list for PBXNativeTarget "PhotoEditorTests" */;
			buildPhases = (
				C054879C2C5518050056F114 /* Sources */,
				C054879D2C5518050056F114 /* Frameworks */,
				C054879E2C5518050056F114 /* Resources */,
			);
			buildRules = (
			);
			dependencies = (
				C05487A22C5518050056F114 /* PBXTargetDependency */,
			);
			name = PhotoEditorTests;
			productName = PhotoEditorTests;
			productReference = C05487A02C5518050056F114 /* PhotoEditorTests.xctest */;
			productType = "com.apple.product-type.bundle.unit-test";
		};
		C05487A92C5518050056F114 /* PhotoEditorUITests */ = {
			isa = PBXNativeTarget;
			buildConfigurationList = C05487BA2C5518050056F114 /* Build configuration list for PBXNativeTarget "PhotoEditorUITests" */;
			buildPhases = (
				C05487A62C5518050056F114 /* Sources */,
				C05487A72C5518050056F114 /* Frameworks */,
				C05487A82C5518050056F114 /* Resources */,
			);
			buildRules = (
			);
			dependencies = (
				C05487AC2C5518050056F114 /* PBXTargetDependency */,
			);
			name = PhotoEditorUITests;
			productName = PhotoEditorUITests;
			productReference = C05487AA2C5518050056F114 /* PhotoEditorUITests.xctest */;
			productType = "com.apple.product-type.bundle.ui-testing";
		};
/* End PBXNativeTarget section */

/* Begin PBXProject section */
		C05487822C5518040056F114 /* Project object */ = {
			isa = PBXProject;
			attributes = {
				BuildIndependentTargetsInParallel = 1;
				LastSwiftUpdateCheck = 1540;
				LastUpgradeCheck = 1540;
				TargetAttributes = {
					C05487892C5518040056F114 = {
						CreatedOnToolsVersion = 15.4;
					};
					C054879F2C5518050056F114 = {
						CreatedOnToolsVersion = 15.4;
						TestTargetID = C05487892C5518040056F114;
					};
					C05487A92C5518050056F114 = {
						CreatedOnToolsVersion = 15.4;
						TestTargetID = C05487892C5518040056F114;
					};
				};
			};
			buildConfigurationList = C05487852C5518040056F114 /* Build configuration list for PBXProject "PhotoEditor" */;
			compatibilityVersion = "Xcode 14.0";
			developmentRegion = en;
			hasScannedForEncodings = 0;
			knownRegions = (
				en,
				Base,
			);
			mainGroup = C05487812C5518040056F114;
			productRefGroup = C054878B2C5518040056F114 /* Products */;
			projectDirPath = "";
			projectRoot = "";
			targets = (
				C05487892C5518040056F114 /* PhotoEditor */,
				C054879F2C5518050056F114 /* PhotoEditorTests */,
				C05487A92C5518050056F114 /* PhotoEditorUITests */,
			);
		};
/* End PBXProject section */

/* Begin PBXResourcesBuildPhase section */
		C05487882C5518040056F114 /* Resources */ = {
			isa = PBXResourcesBuildPhase;
			buildActionMask = 2147483647;
			files = (
				C05487972C5518040056F114 /* Assets.xcassets in Resources */,
				C054879A2C5518040056F114 /* Base in Resources */,
				C05487952C5518040056F114 /* Base in Resources */,
			);
			runOnlyForDeploymentPostprocessing = 0;
		};
		C054879E2C5518050056F114 /* Resources */ = {
			isa = PBXResourcesBuildPhase;
			buildActionMask = 2147483647;
			files = (
			);
			runOnlyForDeploymentPostprocessing = 0;
		};
		C05487A82C5518050056F114 /* Resources */ = {
			isa = PBXResourcesBuildPhase;
			buildActionMask = 2147483647;
			files = (
			);
			runOnlyForDeploymentPostprocessing = 0;
		};
/* End PBXResourcesBuildPhase section */

/* Begin PBXSourcesBuildPhase section */
		C05487862C5518040056F114 /* Sources */ = {
			isa = PBXSourcesBuildPhase;
			buildActionMask = 2147483647;
			files = (
				C05487922C5518040056F114 /* ViewController.swift in Sources */,
				C054878E2C5518040056F114 /* AppDelegate.swift in Sources */,
				C05487902C5518040056F114 /* SceneDelegate.swift in Sources */,
			);
			runOnlyForDeploymentPostprocessing = 0;
		};
		C054879C2C5518050056F114 /* Sources */ = {
			isa = PBXSourcesBuildPhase;
			buildActionMask = 2147483647;
			files = (
				C05487A52C5518050056F114 /* PhotoEditorTests.swift in Sources */,
			);
			runOnlyForDeploymentPostprocessing = 0;
		};
		C05487A62C5518050056F114 /* Sources */ = {
			isa = PBXSourcesBuildPhase;
			buildActionMask = 2147483647;
			files = (
				C05487B12C5518050056F114 /* PhotoEditorUITestsLaunchTests.swift in Sources */,
				C05487AF2C5518050056F114 /* PhotoEditorUITests.swift in Sources */,
			);
			runOnlyForDeploymentPostprocessing = 0;
		};
/* End PBXSourcesBuildPhase section */

/* Begin PBXTargetDependency section */
		C05487A22C5518050056F114 /* PBXTargetDependency */ = {
			isa = PBXTargetDependency;
			target = C05487892C5518040056F114 /* PhotoEditor */;
			targetProxy = C05487A12C5518050056F114 /* PBXContainerItemProxy */;
		};
		C05487AC2C5518050056F114 /* PBXTargetDependency */ = {
			isa = PBXTargetDependency;
			target = C05487892C5518040056F114 /* PhotoEditor */;
			targetProxy = C05487AB2C5518050056F114 /* PBXContainerItemProxy */;
		};
/* End PBXTargetDependency section */

/* Begin PBXVariantGroup section */
		C05487932C5518040056F114 /* Main.storyboard */ = {
			isa = PBXVariantGroup;
			children = (
				C05487942C5518040056F114 /* Base */,
			);
			name = Main.storyboard;
			sourceTree = "<group>";
		};
		C05487982C5518040056F114 /* LaunchScreen.storyboard */ = {
			isa = PBXVariantGroup;
			children = (
				C05487992C5518040056F114 /* Base */,
			);
			name = LaunchScreen.storyboard;
			sourceTree = "<group>";
		};
/* End PBXVariantGroup section */

/* Begin XCBuildConfiguration section */
		C05487B22C5518050056F114 /* Debug */ = {
			isa = XCBuildConfiguration;
			buildSettings = {
				ALWAYS_SEARCH_USER_PATHS = NO;
				ASSETCATALOG_COMPILER_GENERATE_SWIFT_ASSET_SYMBOL_EXTENSIONS = YES;
				CLANG_ANALYZER_NONNULL = YES;
				CLANG_ANALYZER_NUMBER_OBJECT_CONVERSION = YES_AGGRESSIVE;
				CLANG_CXX_LANGUAGE_STANDARD = "gnu++20";
				CLANG_ENABLE_MODULES = YES;
				CLANG_ENABLE_OBJC_ARC = YES;
				CLANG_ENABLE_OBJC_WEAK = YES;
				CLANG_WARN_BLOCK_CAPTURE_AUTORELEASING = YES;
				CLANG_WARN_BOOL_CONVERSION = YES;
				CLANG_WARN_COMMA = YES;
				CLANG_WARN_CONSTANT_CONVERSION = YES;
				CLANG_WARN_DEPRECATED_OBJC_IMPLEMENTATIONS = YES;
				CLANG_WARN_DIRECT_OBJC_ISA_USAGE = YES_ERROR;
				CLANG_WARN_DOCUMENTATION_COMMENTS = YES;
				CLANG_WARN_EMPTY_BODY = YES;
				CLANG_WARN_ENUM_CONVERSION = YES;
				CLANG_WARN_INFINITE_RECURSION = YES;
				CLANG_WARN_INT_CONVERSION = YES;
				CLANG_WARN_NON_LITERAL_NULL_CONVERSION = YES;
				CLANG_WARN_OBJC_IMPLICIT_RETAIN_SELF = YES;
				CLANG_WARN_OBJC_LITERAL_CONVERSION = YES;
				CLANG_WARN_OBJC_ROOT_CLASS = YES_ERROR;
				CLANG_WARN_QUOTED_INCLUDE_IN_FRAMEWORK_HEADER = YES;
				CLANG_WARN_RANGE_LOOP_ANALYSIS = YES;
				CLANG_WARN_STRICT_PROTOTYPES = YES;
				CLANG_WARN_SUSPICIOUS_MOVE = YES;
				CLANG_WARN_UNGUARDED_AVAILABILITY = YES_AGGRESSIVE;
				CLANG_WARN_UNREACHABLE_CODE = YES;
				CLANG_WARN__DUPLICATE_METHOD_MATCH = YES;
				COPY_PHASE_STRIP = NO;
				DEBUG_INFORMATION_FORMAT = dwarf;
				ENABLE_STRICT_OBJC_MSGSEND = YES;
				ENABLE_TESTABILITY = YES;
				ENABLE_USER_SCRIPT_SANDBOXING = YES;
				GCC_C_LANGUAGE_STANDARD = gnu17;
				GCC_DYNAMIC_NO_PIC = NO;
				GCC_NO_COMMON_BLOCKS = YES;
				GCC_OPTIMIZATION_LEVEL = 0;
				GCC_PREPROCESSOR_DEFINITIONS = (
					"DEBUG=1",
					"$(inherited)",
				);
				GCC_WARN_64_TO_32_BIT_CONVERSION = YES;
				GCC_WARN_ABOUT_RETURN_TYPE = YES_ERROR;
				GCC_WARN_UNDECLARED_SELECTOR = YES;
				GCC_WARN_UNINITIALIZED_AUTOS = YES_AGGRESSIVE;
				GCC_WARN_UNUSED_FUNCTION = YES;
				GCC_WARN_UNUSED_VARIABLE = YES;
				IPHONEOS_DEPLOYMENT_TARGET = 17.5;
				LOCALIZATION_PREFERS_STRING_CATALOGS = YES;
				MTL_ENABLE_DEBUG_INFO = INCLUDE_SOURCE;
				MTL_FAST_MATH = YES;
				ONLY_ACTIVE_ARCH = YES;
				SDKROOT = iphoneos;
				SWIFT_ACTIVE_COMPILATION_CONDITIONS = "DEBUG $(inherited)";
				SWIFT_OPTIMIZATION_LEVEL = "-Onone";
			};
			name = Debug;
		};
		C05487B32C5518050056F114 /* Release */ = {
			isa = XCBuildConfiguration;
			buildSettings = {
				ALWAYS_SEARCH_USER_PATHS = NO;
				ASSETCATALOG_COMPILER_GENERATE_SWIFT_ASSET_SYMBOL_EXTENSIONS = YES;
				CLANG_ANALYZER_NONNULL = YES;
				CLANG_ANALYZER_NUMBER_OBJECT_CONVERSION = YES_AGGRESSIVE;
				CLANG_CXX_LANGUAGE_STANDARD = "gnu++20";
				CLANG_ENABLE_MODULES = YES;
				CLANG_ENABLE_OBJC_ARC = YES;
				CLANG_ENABLE_OBJC_WEAK = YES;
				CLANG_WARN_BLOCK_CAPTURE_AUTORELEASING = YES;
				CLANG_WARN_BOOL_CONVERSION = YES;
				CLANG_WARN_COMMA = YES;
				CLANG_WARN_CONSTANT_CONVERSION = YES;
				CLANG_WARN_DEPRECATED_OBJC_IMPLEMENTATIONS = YES;
				CLANG_WARN_DIRECT_OBJC_ISA_USAGE = YES_ERROR;
				CLANG_WARN_DOCUMENTATION_COMMENTS = YES;
				CLANG_WARN_EMPTY_BODY = YES;
				CLANG_WARN_ENUM_CONVERSION = YES;
				CLANG_WARN_INFINITE_RECURSION = YES;
				CLANG_WARN_INT_CONVERSION = YES;
				CLANG_WARN_NON_LITERAL_NULL_CONVERSION = YES;
				CLANG_WARN_OBJC_IMPLICIT_RETAIN_SELF = YES;
				CLANG_WARN_OBJC_LITERAL_CONVERSION = YES;
				CLANG_WARN_OBJC_ROOT_CLASS = YES_ERROR;
				CLANG_WARN_QUOTED_INCLUDE_IN_FRAMEWORK_HEADER = YES;
				CLANG_WARN_RANGE_LOOP_ANALYSIS = YES;
				CLANG_WARN_STRICT_PROTOTYPES = YES;
				CLANG_WARN_SUSPICIOUS_MOVE = YES;
				CLANG_WARN_UNGUARDED_AVAILABILITY = YES_AGGRESSIVE;
				CLANG_WARN_UNREACHABLE_CODE = YES;
				CLANG_WARN__DUPLICATE_METHOD_MATCH = YES;
				COPY_PHASE_STRIP = NO;
				DEBUG_INFORMATION_FORMAT = "dwarf-with-dsym";
				ENABLE_NS_ASSERTIONS = NO;
				ENABLE_STRICT_OBJC_MSGSEND = YES;
				ENABLE_USER_SCRIPT_SANDBOXING = YES;
				GCC_C_LANGUAGE_STANDARD = gnu17;
				GCC_NO_COMMON_BLOCKS = YES;
				GCC_WARN_64_TO_32_BIT_CONVERSION = YES;
				GCC_WARN_ABOUT_RETURN_TYPE = YES_ERROR;
				GCC_WARN_UNDECLARED_SELECTOR = YES;
				GCC_WARN_UNINITIALIZED_AUTOS = YES_AGGRESSIVE;
				GCC_WARN_UNUSED_FUNCTION = YES;
				GCC_WARN_UNUSED_VARIABLE = YES;
				IPHONEOS_DEPLOYMENT_TARGET = 17.5;
				LOCALIZATION_PREFERS_STRING_CATALOGS = YES;
				MTL_ENABLE_DEBUG_INFO = NO;
				MTL_FAST_MATH = YES;
				SDKROOT = iphoneos;
				SWIFT_COMPILATION_MODE = wholemodule;
				VALIDATE_PRODUCT = YES;
			};
			name = Release;
		};
		C05487B52C5518050056F114 /* Debug */ = {
			isa = XCBuildConfiguration;
			buildSettings = {
				ASSETCATALOG_COMPILER_APPICON_NAME = AppIcon;
				ASSETCATALOG_COMPILER_GLOBAL_ACCENT_COLOR_NAME = AccentColor;
				CODE_SIGN_STYLE = Automatic;
				CURRENT_PROJECT_VERSION = 1;
				DEVELOPMENT_TEAM = 659TVY4N4U;
				GENERATE_INFOPLIST_FILE = YES;
				INFOPLIST_FILE = PhotoEditor/Info.plist;
				INFOPLIST_KEY_UIApplicationSupportsIndirectInputEvents = YES;
				INFOPLIST_KEY_UILaunchStoryboardName = LaunchScreen;
				INFOPLIST_KEY_UIMainStoryboardFile = Main;
				INFOPLIST_KEY_UISupportedInterfaceOrientations_iPad = "UIInterfaceOrientationPortrait UIInterfaceOrientationPortraitUpsideDown UIInterfaceOrientationLandscapeLeft UIInterfaceOrientationLandscapeRight";
				INFOPLIST_KEY_UISupportedInterfaceOrientations_iPhone = "UIInterfaceOrientationPortrait UIInterfaceOrientationLandscapeLeft UIInterfaceOrientationLandscapeRight";
				LD_RUNPATH_SEARCH_PATHS = (
					"$(inherited)",
					"@executable_path/Frameworks",
				);
				MARKETING_VERSION = 1.0;
				PRODUCT_BUNDLE_IDENTIFIER = com.omgandhi.PhotoEditor;
				PRODUCT_NAME = "$(TARGET_NAME)";
				SWIFT_EMIT_LOC_STRINGS = YES;
				SWIFT_VERSION = 5.0;
				TARGETED_DEVICE_FAMILY = "1,2";
			};
			name = Debug;
		};
		C05487B62C5518050056F114 /* Release */ = {
			isa = XCBuildConfiguration;
			buildSettings = {
				ASSETCATALOG_COMPILER_APPICON_NAME = AppIcon;
				ASSETCATALOG_COMPILER_GLOBAL_ACCENT_COLOR_NAME = AccentColor;
				CODE_SIGN_STYLE = Automatic;
				CURRENT_PROJECT_VERSION = 1;
				DEVELOPMENT_TEAM = 659TVY4N4U;
				GENERATE_INFOPLIST_FILE = YES;
				INFOPLIST_FILE = PhotoEditor/Info.plist;
				INFOPLIST_KEY_UIApplicationSupportsIndirectInputEvents = YES;
				INFOPLIST_KEY_UILaunchStoryboardName = LaunchScreen;
				INFOPLIST_KEY_UIMainStoryboardFile = Main;
				INFOPLIST_KEY_UISupportedInterfaceOrientations_iPad = "UIInterfaceOrientationPortrait UIInterfaceOrientationPortraitUpsideDown UIInterfaceOrientationLandscapeLeft UIInterfaceOrientationLandscapeRight";
				INFOPLIST_KEY_UISupportedInterfaceOrientations_iPhone = "UIInterfaceOrientationPortrait UIInterfaceOrientationLandscapeLeft UIInterfaceOrientationLandscapeRight";
				LD_RUNPATH_SEARCH_PATHS = (
					"$(inherited)",
					"@executable_path/Frameworks",
				);
				MARKETING_VERSION = 1.0;
				PRODUCT_BUNDLE_IDENTIFIER = com.omgandhi.PhotoEditor;
				PRODUCT_NAME = "$(TARGET_NAME)";
				SWIFT_EMIT_LOC_STRINGS = YES;
				SWIFT_VERSION = 5.0;
				TARGETED_DEVICE_FAMILY = "1,2";
			};
			name = Release;
		};
		C05487B82C5518050056F114 /* Debug */ = {
			isa = XCBuildConfiguration;
			buildSettings = {
				ALWAYS_EMBED_SWIFT_STANDARD_LIBRARIES = YES;
				BUNDLE_LOADER = "$(TEST_HOST)";
				CODE_SIGN_STYLE = Automatic;
				CURRENT_PROJECT_VERSION = 1;
				DEVELOPMENT_TEAM = 659TVY4N4U;
				GENERATE_INFOPLIST_FILE = YES;
				IPHONEOS_DEPLOYMENT_TARGET = 17.5;
				MARKETING_VERSION = 1.0;
				PRODUCT_BUNDLE_IDENTIFIER = com.omgandhi.PhotoEditorTests;
				PRODUCT_NAME = "$(TARGET_NAME)";
				SWIFT_EMIT_LOC_STRINGS = NO;
				SWIFT_VERSION = 5.0;
				TARGETED_DEVICE_FAMILY = "1,2";
				TEST_HOST = "$(BUILT_PRODUCTS_DIR)/PhotoEditor.app/$(BUNDLE_EXECUTABLE_FOLDER_PATH)/PhotoEditor";
			};
			name = Debug;
		};
		C05487B92C5518050056F114 /* Release */ = {
			isa = XCBuildConfiguration;
			buildSettings = {
				ALWAYS_EMBED_SWIFT_STANDARD_LIBRARIES = YES;
				BUNDLE_LOADER = "$(TEST_HOST)";
				CODE_SIGN_STYLE = Automatic;
				CURRENT_PROJECT_VERSION = 1;
				DEVELOPMENT_TEAM = 659TVY4N4U;
				GENERATE_INFOPLIST_FILE = YES;
				IPHONEOS_DEPLOYMENT_TARGET = 17.5;
				MARKETING_VERSION = 1.0;
				PRODUCT_BUNDLE_IDENTIFIER = com.omgandhi.PhotoEditorTests;
				PRODUCT_NAME = "$(TARGET_NAME)";
				SWIFT_EMIT_LOC_STRINGS = NO;
				SWIFT_VERSION = 5.0;
				TARGETED_DEVICE_FAMILY = "1,2";
				TEST_HOST = "$(BUILT_PRODUCTS_DIR)/PhotoEditor.app/$(BUNDLE_EXECUTABLE_FOLDER_PATH)/PhotoEditor";
			};
			name = Release;
		};
		C05487BB2C5518050056F114 /* Debug */ = {
			isa = XCBuildConfiguration;
			buildSettings = {
				ALWAYS_EMBED_SWIFT_STANDARD_LIBRARIES = YES;
				CODE_SIGN_STYLE = Automatic;
				CURRENT_PROJECT_VERSION = 1;
				DEVELOPMENT_TEAM = 659TVY4N4U;
				GENERATE_INFOPLIST_FILE = YES;
				MARKETING_VERSION = 1.0;
				PRODUCT_BUNDLE_IDENTIFIER = com.omgandhi.PhotoEditorUITests;
				PRODUCT_NAME = "$(TARGET_NAME)";
				SWIFT_EMIT_LOC_STRINGS = NO;
				SWIFT_VERSION = 5.0;
				TARGETED_DEVICE_FAMILY = "1,2";
				TEST_TARGET_NAME = PhotoEditor;
			};
			name = Debug;
		};
		C05487BC2C5518050056F114 /* Release */ = {
			isa = XCBuildConfiguration;
			buildSettings = {
				ALWAYS_EMBED_SWIFT_STANDARD_LIBRARIES = YES;
				CODE_SIGN_STYLE = Automatic;
				CURRENT_PROJECT_VERSION = 1;
				DEVELOPMENT_TEAM = 659TVY4N4U;
				GENERATE_INFOPLIST_FILE = YES;
				MARKETING_VERSION = 1.0;
				PRODUCT_BUNDLE_IDENTIFIER = com.omgandhi.PhotoEditorUITests;
				PRODUCT_NAME = "$(TARGET_NAME)";
				SWIFT_EMIT_LOC_STRINGS = NO;
				SWIFT_VERSION = 5.0;
				TARGETED_DEVICE_FAMILY = "1,2";
				TEST_TARGET_NAME = PhotoEditor;
			};
			name = Release;
		};
/* End XCBuildConfiguration section */

/* Begin XCConfigurationList section */
		C05487852C5518040056F114 /* Build configuration list for PBXProject "PhotoEditor" */ = {
			isa = XCConfigurationList;
			buildConfigurations = (
				C05487B22C5518050056F114 /* Debug */,
				C05487B32C5518050056F114 /* Release */,
			);
			defaultConfigurationIsVisible = 0;
			defaultConfigurationName = Release;
		};
		C05487B42C5518050056F114 /* Build configuration list for PBXNativeTarget "PhotoEditor" */ = {
			isa = XCConfigurationList;
			buildConfigurations = (
				C05487B52C5518050056F114 /* Debug */,
				C05487B62C5518050056F114 /* Release */,
			);
			defaultConfigurationIsVisible = 0;
			defaultConfigurationName = Release;
		};
		C05487B72C5518050056F114 /* Build configuration list for PBXNativeTarget "PhotoEditorTests" */ = {
			isa = XCConfigurationList;
			buildConfigurations = (
				C05487B82C5518050056F114 /* Debug */,
				C05487B92C5518050056F114 /* Release */,
			);
			defaultConfigurationIsVisible = 0;
			defaultConfigurationName = Release;
		};
		C05487BA2C5518050056F114 /* Build configuration list for PBXNativeTarget "PhotoEditorUITests" */ = {
			isa = XCConfigurationList;
			buildConfigurations = (
				C05487BB2C5518050056F114 /* Debug */,
				C05487BC2C5518050056F114 /* Release */,
			);
			defaultConfigurationIsVisible = 0;
			defaultConfigurationName = Release;
		};
/* End XCConfigurationList section */
	};
	rootObject = C05487822C5518040056F114 /* Project object */;
}
